
Microsoft Visual Studio Solution File, Format Version 12.00
# Visual Studio Version 17
VisualStudioVersion = 17.5.33516.290
MinimumVisualStudioVersion = 10.0.40219.1
Project("{9A19103F-16F7-4668-BE54-9A1E7A4F7556}") = "DataLayer", "DataLayer\DataLayer.csproj", "{8FE41BCE-4DC1-43E4-9B7E-D529868468A4}"
EndProject
Project("{9A19103F-16F7-4668-BE54-9A1E7A4F7556}") = "BusinessLayer", "BusinessLayer\BusinessLayer.csproj", "{80135157-094B-4DAC-9744-435B0B220E11}"
EndProject
Project("{FAE04EC0-301F-11D3-BF4B-00C04F79EFBC}") = "SampleWebApp", "SampleWebApp\SampleWebApp.csproj", "{0FC2B723-106A-47B8-9644-639127A0D821}"
EndProject
Global
	GlobalSection(SolutionConfigurationPlatforms) = preSolution
		Debug|Any CPU = Debug|Any CPU
		Release|Any CPU = Release|Any CPU
	EndGlobalSection
	GlobalSection(ProjectConfigurationPlatforms) = postSolution
		{8FE41BCE-4DC1-43E4-9B7E-D529868468A4}.Debug|Any CPU.ActiveCfg = Debug|Any CPU
		{8FE41BCE-4DC1-43E4-9B7E-D529868468A4}.Debug|Any CPU.Build.0 = Debug|Any CPU
		{8FE41BCE-4DC1-43E4-9B7E-D529868468A4}.Release|Any CPU.ActiveCfg = Release|Any CPU
		{8FE41BCE-4DC1-43E4-9B7E-D529868468A4}.Release|Any CPU.Build.0 = Release|Any CPU
		{80135157-094B-4DAC-9744-435B0B220E11}.Debug|Any CPU.ActiveCfg = Debug|Any CPU
		{80135157-094B-4DAC-9744-435B0B220E11}.Debug|Any CPU.Build.0 = Debug|Any CPU
		{80135157-094B-4DAC-9744-435B0B220E11}.Release|Any CPU.ActiveCfg = Release|Any CPU
		{80135157-094B-4DAC-9744-435B0B220E11}.Release|Any CPU.Build.0 = Release|Any CPU
		{0FC2B723-106A-47B8-9644-639127A0D821}.Debug|Any CPU.ActiveCfg = Debug|Any CPU
		{0FC2B723-106A-47B8-9644-639127A0D821}.Debug|Any CPU.Build.0 = Debug|Any CPU
		{0FC2B723-106A-47B8-9644-639127A0D821}.Release|Any CPU.ActiveCfg = Release|Any CPU
		{0FC2B723-106A-47B8-9644-639127A0D821}.Release|Any CPU.Build.0 = Release|Any CPU
	EndGlobalSection
	GlobalSection(SolutionProperties) = preSolution
		HideSolutionNode = FALSE
	EndGlobalSection
	GlobalSection(ExtensibilityGlobals) = postSolution
		SolutionGuid = {308BA26B-6B79-4467-A4D5-B34C4B927529}
	EndGlobalSection
EndGlobal
